
Microsoft Visual Studio Solution File, Format Version 12.00
# Visual Studio Version 16
VisualStudioVersion = 16.0.29806.167
MinimumVisualStudioVersion = 10.0.40219.1
Project("{FAE04EC0-301F-11D3-BF4B-00C04F79EFBC}") = "TDDDueDate", "TDDDueDate\TDDDueDate.csproj", "{590C5C6B-444D-444D-BAC4-403B14AD530F}"
EndProject
Project("{FAE04EC0-301F-11D3-BF4B-00C04F79EFBC}") = "TDDDueDate.Tests", "TDDDueDate.Tests\TDDDueDate.Tests.csproj", "{01DD6688-5D07-41DB-A8B0-BB3CC9516245}"
EndProject
Project("{FAE04EC0-301F-11D3-BF4B-00C04F79EFBC}") = "TDDRetirementCalcService", "TDDRetirementCalcService\TDDRetirementCalcService.csproj", "{2FBCCAEB-FC3C-4929-8745-F7FEB351BBD9}"
EndProject
Project("{FAE04EC0-301F-11D3-BF4B-00C04F79EFBC}") = "TDDRetirementCalService.Tests", "TDDRetirementCalService.Tests\TDDRetirementCalService.Tests.csproj", "{D0E13361-9503-4BAE-B329-2F34B1FAB1F3}"
EndProject
Global
	GlobalSection(SolutionConfigurationPlatforms) = preSolution
		Debug|Any CPU = Debug|Any CPU
		Release|Any CPU = Release|Any CPU
	EndGlobalSection
	GlobalSection(ProjectConfigurationPlatforms) = postSolution
		{590C5C6B-444D-444D-BAC4-403B14AD530F}.Debug|Any CPU.ActiveCfg = Debug|Any CPU
		{590C5C6B-444D-444D-BAC4-403B14AD530F}.Debug|Any CPU.Build.0 = Debug|Any CPU
		{590C5C6B-444D-444D-BAC4-403B14AD530F}.Release|Any CPU.ActiveCfg = Release|Any CPU
		{590C5C6B-444D-444D-BAC4-403B14AD530F}.Release|Any CPU.Build.0 = Release|Any CPU
		{01DD6688-5D07-41DB-A8B0-BB3CC9516245}.Debug|Any CPU.ActiveCfg = Debug|Any CPU
		{01DD6688-5D07-41DB-A8B0-BB3CC9516245}.Debug|Any CPU.Build.0 = Debug|Any CPU
		{01DD6688-5D07-41DB-A8B0-BB3CC9516245}.Release|Any CPU.ActiveCfg = Release|Any CPU
		{01DD6688-5D07-41DB-A8B0-BB3CC9516245}.Release|Any CPU.Build.0 = Release|Any CPU
		{2FBCCAEB-FC3C-4929-8745-F7FEB351BBD9}.Debug|Any CPU.ActiveCfg = Debug|Any CPU
		{2FBCCAEB-FC3C-4929-8745-F7FEB351BBD9}.Debug|Any CPU.Build.0 = Debug|Any CPU
		{2FBCCAEB-FC3C-4929-8745-F7FEB351BBD9}.Release|Any CPU.ActiveCfg = Release|Any CPU
		{2FBCCAEB-FC3C-4929-8745-F7FEB351BBD9}.Release|Any CPU.Build.0 = Release|Any CPU
		{D0E13361-9503-4BAE-B329-2F34B1FAB1F3}.Debug|Any CPU.ActiveCfg = Debug|Any CPU
		{D0E13361-9503-4BAE-B329-2F34B1FAB1F3}.Debug|Any CPU.Build.0 = Debug|Any CPU
		{D0E13361-9503-4BAE-B329-2F34B1FAB1F3}.Release|Any CPU.ActiveCfg = Release|Any CPU
		{D0E13361-9503-4BAE-B329-2F34B1FAB1F3}.Release|Any CPU.Build.0 = Release|Any CPU
	EndGlobalSection
	GlobalSection(SolutionProperties) = preSolution
		HideSolutionNode = FALSE
	EndGlobalSection
	GlobalSection(ExtensibilityGlobals) = postSolution
		SolutionGuid = {7D5A683E-8AD2-46C1-970F-2F50CB1E379E}
	EndGlobalSection
EndGlobal
